
Microsoft Visual Studio Solution File, Format Version 12.00
# Visual Studio 2012
Project("{FAE04EC0-301F-11D3-BF4B-00C04F79EFBC}") = "TriangleLabelView", "TriangleLabelView\TriangleLabelView.csproj", "{FC79C594-EC87-4EAE-B6B4-3BB3A54E415F}"
EndProject
Project("{FAE04EC0-301F-11D3-BF4B-00C04F79EFBC}") = "TriangleLabelView.Sample", "TriangleLabelView.Sample\TriangleLabelView.Sample.csproj", "{1D64CA40-85AC-4A29-928C-3BF0A48924AE}"
EndProject
Global
	GlobalSection(SolutionConfigurationPlatforms) = preSolution
		Debug|Any CPU = Debug|Any CPU
		Release|Any CPU = Release|Any CPU
	EndGlobalSection
	GlobalSection(ProjectConfigurationPlatforms) = postSolution
		{FC79C594-EC87-4EAE-B6B4-3BB3A54E415F}.Debug|Any CPU.ActiveCfg = Debug|Any CPU
		{FC79C594-EC87-4EAE-B6B4-3BB3A54E415F}.Debug|Any CPU.Build.0 = Debug|Any CPU
		{FC79C594-EC87-4EAE-B6B4-3BB3A54E415F}.Release|Any CPU.ActiveCfg = Release|Any CPU
		{FC79C594-EC87-4EAE-B6B4-3BB3A54E415F}.Release|Any CPU.Build.0 = Release|Any CPU
		{1D64CA40-85AC-4A29-928C-3BF0A48924AE}.Debug|Any CPU.ActiveCfg = Debug|Any CPU
		{1D64CA40-85AC-4A29-928C-3BF0A48924AE}.Debug|Any CPU.Build.0 = Debug|Any CPU
		{1D64CA40-85AC-4A29-928C-3BF0A48924AE}.Release|Any CPU.ActiveCfg = Release|Any CPU
		{1D64CA40-85AC-4A29-928C-3BF0A48924AE}.Release|Any CPU.Build.0 = Release|Any CPU
	EndGlobalSection
	GlobalSection(MonoDevelopProperties) = preSolution
		Policies = $0
		$0.TextStylePolicy = $1
		$1.FileWidth = 80
		$1.TabsToSpaces = True
		$1.scope = application/xml
		$0.XmlFormattingPolicy = $2
		$2.DefaultFormat = $3
		$3.AttributesInNewLine = True
		$3.MaxAttributesPerLine = 1
		$3.AlignAttributes = True
		$2.scope = application/xml
	EndGlobalSection
EndGlobal
